
Microsoft Visual Studio Solution File, Format Version 12.00
# Visual Studio 2015
Project("{FAE04EC0-301F-11D3-BF4B-00C04F79EFBC}") = "Kingdom Defense.Plugins", "Kingdom Defense.Plugins.csproj", "{9E72BBFA-0069-31B9-02C8-B5CD75E828A3}"
EndProject
Project("{FAE04EC0-301F-11D3-BF4B-00C04F79EFBC}") = "Kingdom Defense", "Kingdom Defense.csproj", "{24E1F485-D147-2B31-B240-F2EFF076DABC}"
EndProject
Project("{FAE04EC0-301F-11D3-BF4B-00C04F79EFBC}") = "Kingdom Defense.Editor", "Kingdom Defense.Editor.csproj", "{2373FA2B-6A86-D76D-AA64-88838199E279}"
EndProject
Global
	GlobalSection(SolutionConfigurationPlatforms) = preSolution
		Debug|Any CPU = Debug|Any CPU
		Release|Any CPU = Release|Any CPU
	EndGlobalSection
	GlobalSection(ProjectConfigurationPlatforms) = postSolution
		{9E72BBFA-0069-31B9-02C8-B5CD75E828A3}.Debug|Any CPU.ActiveCfg = Debug|Any CPU
		{9E72BBFA-0069-31B9-02C8-B5CD75E828A3}.Debug|Any CPU.Build.0 = Debug|Any CPU
		{9E72BBFA-0069-31B9-02C8-B5CD75E828A3}.Release|Any CPU.ActiveCfg = Release|Any CPU
		{9E72BBFA-0069-31B9-02C8-B5CD75E828A3}.Release|Any CPU.Build.0 = Release|Any CPU
		{24E1F485-D147-2B31-B240-F2EFF076DABC}.Debug|Any CPU.ActiveCfg = Debug|Any CPU
		{24E1F485-D147-2B31-B240-F2EFF076DABC}.Debug|Any CPU.Build.0 = Debug|Any CPU
		{24E1F485-D147-2B31-B240-F2EFF076DABC}.Release|Any CPU.ActiveCfg = Release|Any CPU
		{24E1F485-D147-2B31-B240-F2EFF076DABC}.Release|Any CPU.Build.0 = Release|Any CPU
		{2373FA2B-6A86-D76D-AA64-88838199E279}.Debug|Any CPU.ActiveCfg = Debug|Any CPU
		{2373FA2B-6A86-D76D-AA64-88838199E279}.Debug|Any CPU.Build.0 = Debug|Any CPU
		{2373FA2B-6A86-D76D-AA64-88838199E279}.Release|Any CPU.ActiveCfg = Release|Any CPU
		{2373FA2B-6A86-D76D-AA64-88838199E279}.Release|Any CPU.Build.0 = Release|Any CPU
	EndGlobalSection
	GlobalSection(SolutionProperties) = preSolution
		HideSolutionNode = FALSE
	EndGlobalSection
EndGlobal
